// !$*UTF8*$!
{
	archiveVersion = 1;
	classes = {
	};
	objectVersion = 50;
	objects = {

/* Begin PBXBuildFile section */
		AF72100221F6E82700945155 /* AppDelegate.swift in Sources */ = {isa = PBXBuildFile; fileRef = AF72100121F6E82700945155 /* AppDelegate.swift */; };
		AF72100421F6E82700945155 /* ViewController.swift in Sources */ = {isa = PBXBuildFile; fileRef = AF72100321F6E82700945155 /* ViewController.swift */; };
		AF72100721F6E82700945155 /* Main.storyboard in Resources */ = {isa = PBXBuildFile; fileRef = AF72100521F6E82700945155 /* Main.storyboard */; };
		AF72100921F6E82900945155 /* Assets.xcassets in Resources */ = {isa = PBXBuildFile; fileRef = AF72100821F6E82900945155 /* Assets.xcassets */; };
		AF72100C21F6E82900945155 /* LaunchScreen.storyboard in Resources */ = {isa = PBXBuildFile; fileRef = AF72100A21F6E82900945155 /* LaunchScreen.storyboard */; };
		AF72101721F6E82900945155 /* HealthKitPracticeTests.swift in Sources */ = {isa = PBXBuildFile; fileRef = AF72101621F6E82900945155 /* HealthKitPracticeTests.swift */; };
		AF72102221F6E82900945155 /* HealthKitPracticeUITests.swift in Sources */ = {isa = PBXBuildFile; fileRef = AF72102121F6E82900945155 /* HealthKitPracticeUITests.swift */; };
/* End PBXBuildFile section */

/* Begin PBXContainerItemProxy section */
		AF72101321F6E82900945155 /* PBXContainerItemProxy */ = {
			isa = PBXContainerItemProxy;
			containerPortal = AF720FF621F6E82700945155 /* Project object */;
			proxyType = 1;
			remoteGlobalIDString = AF720FFD21F6E82700945155;
			remoteInfo = HealthKitPractice;
		};
		AF72101E21F6E82900945155 /* PBXContainerItemProxy */ = {
			isa = PBXContainerItemProxy;
			containerPortal = AF720FF621F6E82700945155 /* Project object */;
			proxyType = 1;
			remoteGlobalIDString = AF720FFD21F6E82700945155;
			remoteInfo = HealthKitPractice;
		};
/* End PBXContainerItemProxy section */

/* Begin PBXFileReference section */
		AF720FFE21F6E82700945155 /* HealthKitPractice.app */ = {isa = PBXFileReference; explicitFileType = wrapper.application; includeInIndex = 0; path = HealthKitPractice.app; sourceTree = BUILT_PRODUCTS_DIR; };
		AF72100121F6E82700945155 /* AppDelegate.swift */ = {isa = PBXFileReference; lastKnownFileType = sourcecode.swift; path = AppDelegate.swift; sourceTree = "<group>"; };
		AF72100321F6E82700945155 /* ViewController.swift */ = {isa = PBXFileReference; lastKnownFileType = sourcecode.swift; path = ViewController.swift; sourceTree = "<group>"; };
		AF72100621F6E82700945155 /* Base */ = {isa = PBXFileReference; lastKnownFileType = file.storyboard; name = Base; path = Base.lproj/Main.storyboard; sourceTree = "<group>"; };
		AF72100821F6E82900945155 /* Assets.xcassets */ = {isa = PBXFileReference; lastKnownFileType = folder.assetcatalog; path = Assets.xcassets; sourceTree = "<group>"; };
		AF72100B21F6E82900945155 /* Base */ = {isa = PBXFileReference; lastKnownFileType = file.storyboard; name = Base; path = Base.lproj/LaunchScreen.storyboard; sourceTree = "<group>"; };
		AF72100D21F6E82900945155 /* Info.plist */ = {isa = PBXFileReference; lastKnownFileType = text.plist.xml; path = Info.plist; sourceTree = "<group>"; };
		AF72101221F6E82900945155 /* HealthKitPracticeTests.xctest */ = {isa = PBXFileReference; explicitFileType = wrapper.cfbundle; includeInIndex = 0; path = HealthKitPracticeTests.xctest; sourceTree = BUILT_PRODUCTS_DIR; };
		AF72101621F6E82900945155 /* HealthKitPracticeTests.swift */ = {isa = PBXFileReference; lastKnownFileType = sourcecode.swift; path = HealthKitPracticeTests.swift; sourceTree = "<group>"; };
		AF72101821F6E82900945155 /* Info.plist */ = {isa = PBXFileReference; lastKnownFileType = text.plist.xml; path = Info.plist; sourceTree = "<group>"; };
		AF72101D21F6E82900945155 /* HealthKitPracticeUITests.xctest */ = {isa = PBXFileReference; explicitFileType = wrapper.cfbundle; includeInIndex = 0; path = HealthKitPracticeUITests.xctest; sourceTree = BUILT_PRODUCTS_DIR; };
		AF72102121F6E82900945155 /* HealthKitPracticeUITests.swift */ = {isa = PBXFileReference; lastKnownFileType = sourcecode.swift; path = HealthKitPracticeUITests.swift; sourceTree = "<group>"; };
		AF72102321F6E82900945155 /* Info.plist */ = {isa = PBXFileReference; lastKnownFileType = text.plist.xml; path = Info.plist; sourceTree = "<group>"; };
/* End PBXFileReference section */

/* Begin PBXFrameworksBuildPhase section */
		AF720FFB21F6E82700945155 /* Frameworks */ = {
			isa = PBXFrameworksBuildPhase;
			buildActionMask = 2147483647;
			files = (
			);
			runOnlyForDeploymentPostprocessing = 0;
		};
		AF72100F21F6E82900945155 /* Frameworks */ = {
			isa = PBXFrameworksBuildPhase;
			buildActionMask = 2147483647;
			files = (
			);
			runOnlyForDeploymentPostprocessing = 0;
		};
		AF72101A21F6E82900945155 /* Frameworks */ = {
			isa = PBXFrameworksBuildPhase;
			buildActionMask = 2147483647;
			files = (
			);
			runOnlyForDeploymentPostprocessing = 0;
		};
/* End PBXFrameworksBuildPhase section */

/* Begin PBXGroup section */
		AF720FF521F6E82700945155 = {
			isa = PBXGroup;
			children = (
				AF72100021F6E82700945155 /* HealthKitPractice */,
				AF72101521F6E82900945155 /* HealthKitPracticeTests */,
				AF72102021F6E82900945155 /* HealthKitPracticeUITests */,
				AF720FFF21F6E82700945155 /* Products */,
			);
			sourceTree = "<group>";
		};
		AF720FFF21F6E82700945155 /* Products */ = {
			isa = PBXGroup;
			children = (
				AF720FFE21F6E82700945155 /* HealthKitPractice.app */,
				AF72101221F6E82900945155 /* HealthKitPracticeTests.xctest */,
				AF72101D21F6E82900945155 /* HealthKitPracticeUITests.xctest */,
			);
			name = Products;
			sourceTree = "<group>";
		};
		AF72100021F6E82700945155 /* HealthKitPractice */ = {
			isa = PBXGroup;
			children = (
				AF72100121F6E82700945155 /* AppDelegate.swift */,
				AF72100321F6E82700945155 /* ViewController.swift */,
				AF72100521F6E82700945155 /* Main.storyboard */,
				AF72100821F6E82900945155 /* Assets.xcassets */,
				AF72100A21F6E82900945155 /* LaunchScreen.storyboard */,
				AF72100D21F6E82900945155 /* Info.plist */,
			);
			path = HealthKitPractice;
			sourceTree = "<group>";
		};
		AF72101521F6E82900945155 /* HealthKitPracticeTests */ = {
			isa = PBXGroup;
			children = (
				AF72101621F6E82900945155 /* HealthKitPracticeTests.swift */,
				AF72101821F6E82900945155 /* Info.plist */,
			);
			path = HealthKitPracticeTests;
			sourceTree = "<group>";
		};
		AF72102021F6E82900945155 /* HealthKitPracticeUITests */ = {
			isa = PBXGroup;
			children = (
				AF72102121F6E82900945155 /* HealthKitPracticeUITests.swift */,
				AF72102321F6E82900945155 /* Info.plist */,
			);
			path = HealthKitPracticeUITests;
			sourceTree = "<group>";
		};
/* End PBXGroup section */

/* Begin PBXNativeTarget section */
		AF720FFD21F6E82700945155 /* HealthKitPractice */ = {
			isa = PBXNativeTarget;
			buildConfigurationList = AF72102621F6E82900945155 /* Build configuration list for PBXNativeTarget "HealthKitPractice" */;
			buildPhases = (
				AF720FFA21F6E82700945155 /* Sources */,
				AF720FFB21F6E82700945155 /* Frameworks */,
				AF720FFC21F6E82700945155 /* Resources */,
			);
			buildRules = (
			);
			dependencies = (
			);
			name = HealthKitPractice;
			productName = HealthKitPractice;
			productReference = AF720FFE21F6E82700945155 /* HealthKitPractice.app */;
			productType = "com.apple.product-type.application";
		};
		AF72101121F6E82900945155 /* HealthKitPracticeTests */ = {
			isa = PBXNativeTarget;
			buildConfigurationList = AF72102921F6E82900945155 /* Build configuration list for PBXNativeTarget "HealthKitPracticeTests" */;
			buildPhases = (
				AF72100E21F6E82900945155 /* Sources */,
				AF72100F21F6E82900945155 /* Frameworks */,
				AF72101021F6E82900945155 /* Resources */,
			);
			buildRules = (
			);
			dependencies = (
				AF72101421F6E82900945155 /* PBXTargetDependency */,
			);
			name = HealthKitPracticeTests;
			productName = HealthKitPracticeTests;
			productReference = AF72101221F6E82900945155 /* HealthKitPracticeTests.xctest */;
			productType = "com.apple.product-type.bundle.unit-test";
		};
		AF72101C21F6E82900945155 /* HealthKitPracticeUITests */ = {
			isa = PBXNativeTarget;
			buildConfigurationList = AF72102C21F6E82900945155 /* Build configuration list for PBXNativeTarget "HealthKitPracticeUITests" */;
			buildPhases = (
				AF72101921F6E82900945155 /* Sources */,
				AF72101A21F6E82900945155 /* Frameworks */,
				AF72101B21F6E82900945155 /* Resources */,
			);
			buildRules = (
			);
			dependencies = (
				AF72101F21F6E82900945155 /* PBXTargetDependency */,
			);
			name = HealthKitPracticeUITests;
			productName = HealthKitPracticeUITests;
			productReference = AF72101D21F6E82900945155 /* HealthKitPracticeUITests.xctest */;
			productType = "com.apple.product-type.bundle.ui-testing";
		};
/* End PBXNativeTarget section */

/* Begin PBXProject section */
		AF720FF621F6E82700945155 /* Project object */ = {
			isa = PBXProject;
			attributes = {
				LastSwiftUpdateCheck = 1010;
				LastUpgradeCheck = 1010;
				ORGANIZATIONNAME = zun;
				TargetAttributes = {
					AF720FFD21F6E82700945155 = {
						CreatedOnToolsVersion = 10.1;
					};
					AF72101121F6E82900945155 = {
						CreatedOnToolsVersion = 10.1;
						TestTargetID = AF720FFD21F6E82700945155;
					};
					AF72101C21F6E82900945155 = {
						CreatedOnToolsVersion = 10.1;
						TestTargetID = AF720FFD21F6E82700945155;
					};
				};
			};
			buildConfigurationList = AF720FF921F6E82700945155 /* Build configuration list for PBXProject "HealthKitPractice" */;
			compatibilityVersion = "Xcode 9.3";
			developmentRegion = en;
			hasScannedForEncodings = 0;
			knownRegions = (
				en,
				Base,
			);
			mainGroup = AF720FF521F6E82700945155;
			productRefGroup = AF720FFF21F6E82700945155 /* Products */;
			projectDirPath = "";
			projectRoot = "";
			targets = (
				AF720FFD21F6E82700945155 /* HealthKitPractice */,
				AF72101121F6E82900945155 /* HealthKitPracticeTests */,
				AF72101C21F6E82900945155 /* HealthKitPracticeUITests */,
			);
		};
/* End PBXProject section */

/* Begin PBXResourcesBuildPhase section */
		AF720FFC21F6E82700945155 /* Resources */ = {
			isa = PBXResourcesBuildPhase;
			buildActionMask = 2147483647;
			files = (
				AF72100C21F6E82900945155 /* LaunchScreen.storyboard in Resources */,
				AF72100921F6E82900945155 /* Assets.xcassets in Resources */,
				AF72100721F6E82700945155 /* Main.storyboard in Resources */,
			);
			runOnlyForDeploymentPostprocessing = 0;
		};
		AF72101021F6E82900945155 /* Resources */ = {
			isa = PBXResourcesBuildPhase;
			buildActionMask = 2147483647;
			files = (
			);
			runOnlyForDeploymentPostprocessing = 0;
		};
		AF72101B21F6E82900945155 /* Resources */ = {
			isa = PBXResourcesBuildPhase;
			buildActionMask = 2147483647;
			files = (
			);
			runOnlyForDeploymentPostprocessing = 0;
		};
/* End PBXResourcesBuildPhase section */

/* Begin PBXSourcesBuildPhase section */
		AF720FFA21F6E82700945155 /* Sources */ = {
			isa = PBXSourcesBuildPhase;
			buildActionMask = 2147483647;
			files = (
				AF72100421F6E82700945155 /* ViewController.swift in Sources */,
				AF72100221F6E82700945155 /* AppDelegate.swift in Sources */,
			);
			runOnlyForDeploymentPostprocessing = 0;
		};
		AF72100E21F6E82900945155 /* Sources */ = {
			isa = PBXSourcesBuildPhase;
			buildActionMask = 2147483647;
			files = (
				AF72101721F6E82900945155 /* HealthKitPracticeTests.swift in Sources */,
			);
			runOnlyForDeploymentPostprocessing = 0;
		};
		AF72101921F6E82900945155 /* Sources */ = {
			isa = PBXSourcesBuildPhase;
			buildActionMask = 2147483647;
			files = (
				AF72102221F6E82900945155 /* HealthKitPracticeUITests.swift in Sources */,
			);
			runOnlyForDeploymentPostprocessing = 0;
		};
/* End PBXSourcesBuildPhase section */

/* Begin PBXTargetDependency section */
		AF72101421F6E82900945155 /* PBXTargetDependency */ = {
			isa = PBXTargetDependency;
			target = AF720FFD21F6E82700945155 /* HealthKitPractice */;
			targetProxy = AF72101321F6E82900945155 /* PBXContainerItemProxy */;
		};
		AF72101F21F6E82900945155 /* PBXTargetDependency */ = {
			isa = PBXTargetDependency;
			target = AF720FFD21F6E82700945155 /* HealthKitPractice */;
			targetProxy = AF72101E21F6E82900945155 /* PBXContainerItemProxy */;
		};
/* End PBXTargetDependency section */

/* Begin PBXVariantGroup section */
		AF72100521F6E82700945155 /* Main.storyboard */ = {
			isa = PBXVariantGroup;
			children = (
				AF72100621F6E82700945155 /* Base */,
			);
			name = Main.storyboard;
			sourceTree = "<group>";
		};
		AF72100A21F6E82900945155 /* LaunchScreen.storyboard */ = {
			isa = PBXVariantGroup;
			children = (
				AF72100B21F6E82900945155 /* Base */,
			);
			name = LaunchScreen.storyboard;
			sourceTree = "<group>";
		};
/* End PBXVariantGroup section */

/* Begin XCBuildConfiguration section */
		AF72102421F6E82900945155 /* Debug */ = {
			isa = XCBuildConfiguration;
			buildSettings = {
				ALWAYS_SEARCH_USER_PATHS = NO;
				CLANG_ANALYZER_NONNULL = YES;
				CLANG_ANALYZER_NUMBER_OBJECT_CONVERSION = YES_AGGRESSIVE;
				CLANG_CXX_LANGUAGE_STANDARD = "gnu++14";
				CLANG_CXX_LIBRARY = "libc++";
				CLANG_ENABLE_MODULES = YES;
				CLANG_ENABLE_OBJC_ARC = YES;
				CLANG_ENABLE_OBJC_WEAK = YES;
				CLANG_WARN_BLOCK_CAPTURE_AUTORELEASING = YES;
				CLANG_WARN_BOOL_CONVERSION = YES;
				CLANG_WARN_COMMA = YES;
				CLANG_WARN_CONSTANT_CONVERSION = YES;
				CLANG_WARN_DEPRECATED_OBJC_IMPLEMENTATIONS = YES;
				CLANG_WARN_DIRECT_OBJC_ISA_USAGE = YES_ERROR;
				CLANG_WARN_DOCUMENTATION_COMMENTS = YES;
				CLANG_WARN_EMPTY_BODY = YES;
				CLANG_WARN_ENUM_CONVERSION = YES;
				CLANG_WARN_INFINITE_RECURSION = YES;
				CLANG_WARN_INT_CONVERSION = YES;
				CLANG_WARN_NON_LITERAL_NULL_CONVERSION = YES;
				CLANG_WARN_OBJC_IMPLICIT_RETAIN_SELF = YES;
				CLANG_WARN_OBJC_LITERAL_CONVERSION = YES;
				CLANG_WARN_OBJC_ROOT_CLASS = YES_ERROR;
				CLANG_WARN_RANGE_LOOP_ANALYSIS = YES;
				CLANG_WARN_STRICT_PROTOTYPES = YES;
				CLANG_WARN_SUSPICIOUS_MOVE = YES;
				CLANG_WARN_UNGUARDED_AVAILABILITY = YES_AGGRESSIVE;
				CLANG_WARN_UNREACHABLE_CODE = YES;
				CLANG_WARN__DUPLICATE_METHOD_MATCH = YES;
				CODE_SIGN_IDENTITY = "iPhone Developer";
				COPY_PHASE_STRIP = NO;
				DEBUG_INFORMATION_FORMAT = dwarf;
				ENABLE_STRICT_OBJC_MSGSEND = YES;
				ENABLE_TESTABILITY = YES;
				GCC_C_LANGUAGE_STANDARD = gnu11;
				GCC_DYNAMIC_NO_PIC = NO;
				GCC_NO_COMMON_BLOCKS = YES;
				GCC_OPTIMIZATION_LEVEL = 0;
				GCC_PREPROCESSOR_DEFINITIONS = (
					"DEBUG=1",
					"$(inherited)",
				);
				GCC_WARN_64_TO_32_BIT_CONVERSION = YES;
				GCC_WARN_ABOUT_RETURN_TYPE = YES_ERROR;
				GCC_WARN_UNDECLARED_SELECTOR = YES;
				GCC_WARN_UNINITIALIZED_AUTOS = YES_AGGRESSIVE;
				GCC_WARN_UNUSED_FUNCTION = YES;
				GCC_WARN_UNUSED_VARIABLE = YES;
				IPHONEOS_DEPLOYMENT_TARGET = 12.1;
				MTL_ENABLE_DEBUG_INFO = INCLUDE_SOURCE;
				MTL_FAST_MATH = YES;
				ONLY_ACTIVE_ARCH = YES;
				SDKROOT = iphoneos;
				SWIFT_ACTIVE_COMPILATION_CONDITIONS = DEBUG;
				SWIFT_OPTIMIZATION_LEVEL = "-Onone";
			};
			name = Debug;
		};
		AF72102521F6E82900945155 /* Release */ = {
			isa = XCBuildConfiguration;
			buildSettings = {
				ALWAYS_SEARCH_USER_PATHS = NO;
				CLANG_ANALYZER_NONNULL = YES;
				CLANG_ANALYZER_NUMBER_OBJECT_CONVERSION = YES_AGGRESSIVE;
				CLANG_CXX_LANGUAGE_STANDARD = "gnu++14";
				CLANG_CXX_LIBRARY = "libc++";
				CLANG_ENABLE_MODULES = YES;
				CLANG_ENABLE_OBJC_ARC = YES;
				CLANG_ENABLE_OBJC_WEAK = YES;
				CLANG_WARN_BLOCK_CAPTURE_AUTORELEASING = YES;
				CLANG_WARN_BOOL_CONVERSION = YES;
				CLANG_WARN_COMMA = YES;
				CLANG_WARN_CONSTANT_CONVERSION = YES;
				CLANG_WARN_DEPRECATED_OBJC_IMPLEMENTATIONS = YES;
				CLANG_WARN_DIRECT_OBJC_ISA_USAGE = YES_ERROR;
				CLANG_WARN_DOCUMENTATION_COMMENTS = YES;
				CLANG_WARN_EMPTY_BODY = YES;
				CLANG_WARN_ENUM_CONVERSION = YES;
				CLANG_WARN_INFINITE_RECURSION = YES;
				CLANG_WARN_INT_CONVERSION = YES;
				CLANG_WARN_NON_LITERAL_NULL_CONVERSION = YES;
				CLANG_WARN_OBJC_IMPLICIT_RETAIN_SELF = YES;
				CLANG_WARN_OBJC_LITERAL_CONVERSION = YES;
				CLANG_WARN_OBJC_ROOT_CLASS = YES_ERROR;
				CLANG_WARN_RANGE_LOOP_ANALYSIS = YES;
				CLANG_WARN_STRICT_PROTOTYPES = YES;
				CLANG_WARN_SUSPICIOUS_MOVE = YES;
				CLANG_WARN_UNGUARDED_AVAILABILITY = YES_AGGRESSIVE;
				CLANG_WARN_UNREACHABLE_CODE = YES;
				CLANG_WARN__DUPLICATE_METHOD_MATCH = YES;
				CODE_SIGN_IDENTITY = "iPhone Developer";
				COPY_PHASE_STRIP = NO;
				DEBUG_INFORMATION_FORMAT = "dwarf-with-dsym";
				ENABLE_NS_ASSERTIONS = NO;
				ENABLE_STRICT_OBJC_MSGSEND = YES;
				GCC_C_LANGUAGE_STANDARD = gnu11;
				GCC_NO_COMMON_BLOCKS = YES;
				GCC_WARN_64_TO_32_BIT_CONVERSION = YES;
				GCC_WARN_ABOUT_RETURN_TYPE = YES_ERROR;
				GCC_WARN_UNDECLARED_SELECTOR = YES;
				GCC_WARN_UNINITIALIZED_AUTOS = YES_AGGRESSIVE;
				GCC_WARN_UNUSED_FUNCTION = YES;
				GCC_WARN_UNUSED_VARIABLE = YES;
				IPHONEOS_DEPLOYMENT_TARGET = 12.1;
				MTL_ENABLE_DEBUG_INFO = NO;
				MTL_FAST_MATH = YES;
				SDKROOT = iphoneos;
				SWIFT_COMPILATION_MODE = wholemodule;
				SWIFT_OPTIMIZATION_LEVEL = "-O";
				VALIDATE_PRODUCT = YES;
			};
			name = Release;
		};
		AF72102721F6E82900945155 /* Debug */ = {
			isa = XCBuildConfiguration;
			buildSettings = {
				ASSETCATALOG_COMPILER_APPICON_NAME = AppIcon;
				CODE_SIGN_STYLE = Automatic;
				INFOPLIST_FILE = HealthKitPractice/Info.plist;
				LD_RUNPATH_SEARCH_PATHS = (
					"$(inherited)",
					"@executable_path/Frameworks",
				);
				PRODUCT_BUNDLE_IDENTIFIER = zunzunzun.HealthKitPractice;
				PRODUCT_NAME = "$(TARGET_NAME)";
				SWIFT_VERSION = 4.2;
				TARGETED_DEVICE_FAMILY = "1,2";
			};
			name = Debug;
		};
		AF72102821F6E82900945155 /* Release */ = {
			isa = XCBuildConfiguration;
			buildSettings = {
				ASSETCATALOG_COMPILER_APPICON_NAME = AppIcon;
				CODE_SIGN_STYLE = Automatic;
				INFOPLIST_FILE = HealthKitPractice/Info.plist;
				LD_RUNPATH_SEARCH_PATHS = (
					"$(inherited)",
					"@executable_path/Frameworks",
				);
				PRODUCT_BUNDLE_IDENTIFIER = zunzunzun.HealthKitPractice;
				PRODUCT_NAME = "$(TARGET_NAME)";
				SWIFT_VERSION = 4.2;
				TARGETED_DEVICE_FAMILY = "1,2";
			};
			name = Release;
		};
		AF72102A21F6E82900945155 /* Debug */ = {
			isa = XCBuildConfiguration;
			buildSettings = {
				ALWAYS_EMBED_SWIFT_STANDARD_LIBRARIES = YES;
				BUNDLE_LOADER = "$(TEST_HOST)";
				CODE_SIGN_STYLE = Automatic;
				INFOPLIST_FILE = HealthKitPracticeTests/Info.plist;
				LD_RUNPATH_SEARCH_PATHS = (
					"$(inherited)",
					"@executable_path/Frameworks",
					"@loader_path/Frameworks",
				);
				PRODUCT_BUNDLE_IDENTIFIER = zunzunzun.HealthKitPracticeTests;
				PRODUCT_NAME = "$(TARGET_NAME)";
				SWIFT_VERSION = 4.2;
				TARGETED_DEVICE_FAMILY = "1,2";
				TEST_HOST = "$(BUILT_PRODUCTS_DIR)/HealthKitPractice.app/HealthKitPractice";
			};
			name = Debug;
		};
		AF72102B21F6E82900945155 /* Release */ = {
			isa = XCBuildConfiguration;
			buildSettings = {
				ALWAYS_EMBED_SWIFT_STANDARD_LIBRARIES = YES;
				BUNDLE_LOADER = "$(TEST_HOST)";
				CODE_SIGN_STYLE = Automatic;
				INFOPLIST_FILE = HealthKitPracticeTests/Info.plist;
				LD_RUNPATH_SEARCH_PATHS = (
					"$(inherited)",
					"@executable_path/Frameworks",
					"@loader_path/Frameworks",
				);
				PRODUCT_BUNDLE_IDENTIFIER = zunzunzun.HealthKitPracticeTests;
				PRODUCT_NAME = "$(TARGET_NAME)";
				SWIFT_VERSION = 4.2;
				TARGETED_DEVICE_FAMILY = "1,2";
				TEST_HOST = "$(BUILT_PRODUCTS_DIR)/HealthKitPractice.app/HealthKitPractice";
			};
			name = Release;
		};
		AF72102D21F6E82900945155 /* Debug */ = {
			isa = XCBuildConfiguration;
			buildSettings = {
				ALWAYS_EMBED_SWIFT_STANDARD_LIBRARIES = YES;
				CODE_SIGN_STYLE = Automatic;
				INFOPLIST_FILE = HealthKitPracticeUITests/Info.plist;
				LD_RUNPATH_SEARCH_PATHS = (
					"$(inherited)",
					"@executable_path/Frameworks",
					"@loader_path/Frameworks",
				);
				PRODUCT_BUNDLE_IDENTIFIER = zunzunzun.HealthKitPracticeUITests;
				PRODUCT_NAME = "$(TARGET_NAME)";
				SWIFT_VERSION = 4.2;
				TARGETED_DEVICE_FAMILY = "1,2";
				TEST_TARGET_NAME = HealthKitPractice;
			};
			name = Debug;
		};
		AF72102E21F6E82900945155 /* Release */ = {
			isa = XCBuildConfiguration;
			buildSettings = {
				ALWAYS_EMBED_SWIFT_STANDARD_LIBRARIES = YES;
				CODE_SIGN_STYLE = Automatic;
				INFOPLIST_FILE = HealthKitPracticeUITests/Info.plist;
				LD_RUNPATH_SEARCH_PATHS = (
					"$(inherited)",
					"@executable_path/Frameworks",
					"@loader_path/Frameworks",
				);
				PRODUCT_BUNDLE_IDENTIFIER = zunzunzun.HealthKitPracticeUITests;
				PRODUCT_NAME = "$(TARGET_NAME)";
				SWIFT_VERSION = 4.2;
				TARGETED_DEVICE_FAMILY = "1,2";
				TEST_TARGET_NAME = HealthKitPractice;
			};
			name = Release;
		};
/* End XCBuildConfiguration section */

/* Begin XCConfigurationList section */
		AF720FF921F6E82700945155 /* Build configuration list for PBXProject "HealthKitPractice" */ = {
			isa = XCConfigurationList;
			buildConfigurations = (
				AF72102421F6E82900945155 /* Debug */,
				AF72102521F6E82900945155 /* Release */,
			);
			defaultConfigurationIsVisible = 0;
			defaultConfigurationName = Release;
		};
		AF72102621F6E82900945155 /* Build configuration list for PBXNativeTarget "HealthKitPractice" */ = {
			isa = XCConfigurationList;
			buildConfigurations = (
				AF72102721F6E82900945155 /* Debug */,
				AF72102821F6E82900945155 /* Release */,
			);
			defaultConfigurationIsVisible = 0;
			defaultConfigurationName = Release;
		};
		AF72102921F6E82900945155 /* Build configuration list for PBXNativeTarget "HealthKitPracticeTests" */ = {
			isa = XCConfigurationList;
			buildConfigurations = (
				AF72102A21F6E82900945155 /* Debug */,
				AF72102B21F6E82900945155 /* Release */,
			);
			defaultConfigurationIsVisible = 0;
			defaultConfigurationName = Release;
		};
		AF72102C21F6E82900945155 /* Build configuration list for PBXNativeTarget "HealthKitPracticeUITests" */ = {
			isa = XCConfigurationList;
			buildConfigurations = (
				AF72102D21F6E82900945155 /* Debug */,
				AF72102E21F6E82900945155 /* Release */,
			);
			defaultConfigurationIsVisible = 0;
			defaultConfigurationName = Release;
		};
/* End XCConfigurationList section */
	};
	rootObject = AF720FF621F6E82700945155 /* Project object */;
}
